{
  "requires": true,
  "lockfileVersion": 1,
  "dependencies": {
    "smart-webcomponents": {
      "version": "9.3.18",
      "resolved": "https://registry.npmjs.org/smart-webcomponents/-/smart-webcomponents-9.3.18.tgz",
      "integrity": "sha512-4PNpFaSXRw4hPThicsPB89pPqbhHKhTqsLmaGPJ8clYz4mo7FcFf5f/crlNX0cxOIeYL2yKfErjfst9iX9GeiA=="
    },
    "smart-webcomponents-community": {
      "version": "9.3.18",
      "resolved": "https://registry.npmjs.org/smart-webcomponents-community/-/smart-webcomponents-community-9.3.18.tgz",
      "integrity": "sha512-K7KgrKwybbL4cheXciHj3hWiovoHfHgFnfG9vk9VSlCNRWM09Rjmn7TcoSXXghW/d3+WXa5W3iHsQa9qOlF5vA=="
    }
  }
}
